
Microsoft Visual Studio Solution File, Format Version 12.00
Project("{2150E333-8FDC-42A3-9474-1A3956D46DE8}") = "src", "src", "{A9176EE0-8CC8-409D-8581-3F9FC81B1414}"
EndProject
Project("{2150E333-8FDC-42A3-9474-1A3956D46DE8}") = "tests", "tests", "{F1F7FC49-302C-48A2-9F89-3F0DCC9A945A}"
EndProject
Project("{2150E333-8FDC-42A3-9474-1A3956D46DE8}") = "common", "common", "{499FB687-DFE8-435B-A7AC-5FD97D568DDE}"
	ProjectSection(SolutionItems) = preProject
		Dockerfile = Dockerfile
		.dockerignore = .dockerignore
		.gitignore = .gitignore
		Directory.Build.props = Directory.Build.props
	EndProjectSection
EndProject
Project("{FAE04EC0-301F-11D3-BF4B-00C04F79EFBC}") = "ToxiCode.Templates.WebApi", "src\ToxiCode.Templates.WebApi\ToxiCode.Templates.WebApi.csproj", "{F5B0C8B1-81AD-4BA5-B8AB-21A1C9C74FD6}"
EndProject
Project("{FAE04EC0-301F-11D3-BF4B-00C04F79EFBC}") = "ToxiCode.Templates.WebApi.Tests", "tests\ToxiCode.Templates.WebApi.Tests\ToxiCode.Templates.WebApi.Tests.csproj", "{734C9075-AF0E-44CB-A9C5-1FDB104D4027}"
EndProject
Global
	GlobalSection(SolutionConfigurationPlatforms) = preSolution
		Debug|Any CPU = Debug|Any CPU
		Release|Any CPU = Release|Any CPU
	EndGlobalSection
	GlobalSection(ProjectConfigurationPlatforms) = postSolution
		{F5B0C8B1-81AD-4BA5-B8AB-21A1C9C74FD6}.Debug|Any CPU.ActiveCfg = Debug|Any CPU
		{F5B0C8B1-81AD-4BA5-B8AB-21A1C9C74FD6}.Debug|Any CPU.Build.0 = Debug|Any CPU
		{F5B0C8B1-81AD-4BA5-B8AB-21A1C9C74FD6}.Release|Any CPU.ActiveCfg = Release|Any CPU
		{F5B0C8B1-81AD-4BA5-B8AB-21A1C9C74FD6}.Release|Any CPU.Build.0 = Release|Any CPU
		{734C9075-AF0E-44CB-A9C5-1FDB104D4027}.Debug|Any CPU.ActiveCfg = Debug|Any CPU
		{734C9075-AF0E-44CB-A9C5-1FDB104D4027}.Debug|Any CPU.Build.0 = Debug|Any CPU
		{734C9075-AF0E-44CB-A9C5-1FDB104D4027}.Release|Any CPU.ActiveCfg = Release|Any CPU
		{734C9075-AF0E-44CB-A9C5-1FDB104D4027}.Release|Any CPU.Build.0 = Release|Any CPU
	EndGlobalSection
	GlobalSection(NestedProjects) = preSolution
		{F5B0C8B1-81AD-4BA5-B8AB-21A1C9C74FD6} = {A9176EE0-8CC8-409D-8581-3F9FC81B1414}
		{734C9075-AF0E-44CB-A9C5-1FDB104D4027} = {F1F7FC49-302C-48A2-9F89-3F0DCC9A945A}
	EndGlobalSection
EndGlobal
